{
  "version": 4,
  "terraform_version": "0.12.24",
  "serial": 25,
  "lineage": "ede04605-695b-e541-56b5-aac1f23f26c0",
  "outputs": {},
  "resources": [
    {
      "mode": "managed",
      "type": "google_compute_firewall",
      "name": "firewall_puma",
      "provider": "provider.google",
      "instances": [
        {
          "schema_version": 1,
          "attributes": {
            "allow": [
              {
                "ports": [
                  "9292"
                ],
                "protocol": "tcp"
              }
            ],
            "creation_timestamp": "2020-04-08T11:24:54.881-07:00",
            "deny": [],
            "description": "",
            "destination_ranges": [],
            "direction": "INGRESS",
            "disabled": false,
            "id": "allow-puma-default",
            "name": "allow-puma-default",
            "network": "https://www.googleapis.com/compute/v1/projects/lustrous-fabric-271615/global/networks/default",
            "priority": 1000,
            "project": "lustrous-fabric-271615",
            "self_link": "https://www.googleapis.com/compute/v1/projects/lustrous-fabric-271615/global/firewalls/allow-puma-default",
            "source_ranges": [
              "0.0.0.0/0"
            ],
            "source_service_accounts": [],
            "source_tags": [],
            "target_service_accounts": [],
            "target_tags": [
              "reddit-app"
            ],
            "timeouts": null
          },
          "private": "eyJlMmJmYjczMC1lY2FhLTExZTYtOGY4OC0zNDM2M2JjN2M0YzAiOnsiY3JlYXRlIjoyNDAwMDAwMDAwMDAsImRlbGV0ZSI6MjQwMDAwMDAwMDAwLCJ1cGRhdGUiOjI0MDAwMDAwMDAwMH0sInNjaGVtYV92ZXJzaW9uIjoiMSJ9"
        }
      ]
    },
    {
      "mode": "managed",
      "type": "google_compute_instance",
      "name": "app",
      "provider": "provider.google",
      "instances": [
        {
          "status": "tainted",
          "schema_version": 6,
          "attributes": {
            "allow_stopping_for_update": null,
            "attached_disk": [],
            "boot_disk": [
              {
                "auto_delete": true,
                "device_name": "persistent-disk-0",
                "disk_encryption_key_raw": "",
                "disk_encryption_key_sha256": "",
                "initialize_params": [
                  {
                    "image": "https://www.googleapis.com/compute/v1/projects/lustrous-fabric-271615/global/images/reddit-full-1586111495",
                    "labels": {},
                    "size": 10,
                    "type": "pd-standard"
                  }
                ],
                "kms_key_self_link": "",
                "mode": "READ_WRITE",
                "source": "https://www.googleapis.com/compute/v1/projects/lustrous-fabric-271615/zones/europe-west1-b/disks/reddit-app"
              }
            ],
            "can_ip_forward": false,
            "cpu_platform": "Intel Haswell",
            "deletion_protection": false,
            "description": "",
            "disk": [],
            "guest_accelerator": [],
            "hostname": "",
            "id": "reddit-app",
            "instance_id": "135187009780908739",
            "label_fingerprint": "42WmSpB8rSM=",
            "labels": null,
            "machine_type": "g1-small",
            "metadata": {
              "ssh-keys": "appuser:ssh-rsa AAAAB3NzaC1yc2EAAAADAQABAAABgQCZLSxB00nM1QV6bQMzy6h68hzTcvz2XLEhfh/rmt27b7gObnQqAffCLIvXKpmsq1mPnh6KMhoyTk92Nfo6W47OvOmS8rEtnEC0E4ifmt3N5oQqwuohen4r6BZSZhBFl04j4hCviVkEEizrdA/ESg0rXeUbCBg6QBthkhtRSIAwXsnsIKM3AP0AZLBzNDxiUbaFkBPdlVBx9XyjZGU3cmxroDuooeYi9BvN07YBQrh5L+UE3/kJzJLtWPYbNq9jpd62mb60Cx3diDsIRcK2t9BKvWhFAy4wG6b09V8t4WDUb1qjSXooPQo/xb8vkRBl32l648Z7W5C9HwK2thj5h6jqd23X8v3XGU9mmvtDUHQgzw/pdCRV1SfBrw08+vlFZvbyfvnWAswoZTwn1+ulOkrvBCDcexriWHJVdfzWPWTveLJA1boW2TEDXFG7f0mvKUJtNKh4AIZ6C1m2lWag+7aaxzLOqkOsVnL+/Y958MnxeRbpxtiImPV2ZyducMIXDcc= appuser\n"
            },
            "metadata_fingerprint": "rHWY1ZUjL-w=",
            "metadata_startup_script": "",
            "min_cpu_platform": "",
            "name": "reddit-app",
            "network_interface": [
              {
                "access_config": [
                  {
                    "assigned_nat_ip": "",
                    "nat_ip": "35.233.9.122",
                    "network_tier": "PREMIUM",
                    "public_ptr_domain_name": ""
                  }
                ],
                "address": "",
                "alias_ip_range": [],
                "name": "nic0",
                "network": "https://www.googleapis.com/compute/v1/projects/lustrous-fabric-271615/global/networks/default",
                "network_ip": "10.132.0.44",
                "subnetwork": "https://www.googleapis.com/compute/v1/projects/lustrous-fabric-271615/regions/europe-west1/subnetworks/default",
                "subnetwork_project": "lustrous-fabric-271615"
              }
            ],
            "project": "lustrous-fabric-271615",
            "scheduling": [
              {
                "automatic_restart": true,
                "node_affinities": [],
                "on_host_maintenance": "MIGRATE",
                "preemptible": false
              }
            ],
            "scratch_disk": [],
            "self_link": "https://www.googleapis.com/compute/v1/projects/lustrous-fabric-271615/zones/europe-west1-b/instances/reddit-app",
            "service_account": [],
            "shielded_instance_config": [
              {
                "enable_integrity_monitoring": true,
                "enable_secure_boot": false,
                "enable_vtpm": true
              }
            ],
            "tags": [
              "reddit-app"
            ],
            "tags_fingerprint": "M-ggixIz-AU=",
            "timeouts": null,
            "zone": "europe-west1-b"
          },
          "private": "eyJlMmJmYjczMC1lY2FhLTExZTYtOGY4OC0zNDM2M2JjN2M0YzAiOnsiY3JlYXRlIjoxMjAwMDAwMDAwMDAwLCJkZWxldGUiOjEyMDAwMDAwMDAwMDAsInVwZGF0ZSI6MTIwMDAwMDAwMDAwMH0sInNjaGVtYV92ZXJzaW9uIjoiNiJ9"
        }
      ]
    }
  ]
}
